
Microsoft Visual Studio Solution File, Format Version 12.00
# Visual Studio 15
VisualStudioVersion = 15.0.28010.2046
MinimumVisualStudioVersion = 10.0.40219.1
Project("{FAE04EC0-301F-11D3-BF4B-00C04F79EFBC}") = "CleanCode.Lesson4.OOP", "..\src\CleanCode.Lesson4.OOP\CleanCode.Lesson4.OOP.csproj", "{B1399845-AE95-4EA9-BCA1-7574FCB52444}"
EndProject
Project("{FAE04EC0-301F-11D3-BF4B-00C04F79EFBC}") = "CleanCode.Lesson4.OOP.Tests", "..\CleanCode.Lesson4.OOP.Tests\CleanCode.Lesson4.OOP.Tests.csproj", "{342332CF-DFFA-4DF6-A4A5-11562DCEB8AD}"
EndProject
Global
	GlobalSection(SolutionConfigurationPlatforms) = preSolution
		Debug|Any CPU = Debug|Any CPU
		Release|Any CPU = Release|Any CPU
	EndGlobalSection
	GlobalSection(ProjectConfigurationPlatforms) = postSolution
		{B1399845-AE95-4EA9-BCA1-7574FCB52444}.Debug|Any CPU.ActiveCfg = Debug|Any CPU
		{B1399845-AE95-4EA9-BCA1-7574FCB52444}.Debug|Any CPU.Build.0 = Debug|Any CPU
		{B1399845-AE95-4EA9-BCA1-7574FCB52444}.Release|Any CPU.ActiveCfg = Release|Any CPU
		{B1399845-AE95-4EA9-BCA1-7574FCB52444}.Release|Any CPU.Build.0 = Release|Any CPU
		{342332CF-DFFA-4DF6-A4A5-11562DCEB8AD}.Debug|Any CPU.ActiveCfg = Debug|Any CPU
		{342332CF-DFFA-4DF6-A4A5-11562DCEB8AD}.Debug|Any CPU.Build.0 = Debug|Any CPU
		{342332CF-DFFA-4DF6-A4A5-11562DCEB8AD}.Release|Any CPU.ActiveCfg = Release|Any CPU
		{342332CF-DFFA-4DF6-A4A5-11562DCEB8AD}.Release|Any CPU.Build.0 = Release|Any CPU
	EndGlobalSection
	GlobalSection(SolutionProperties) = preSolution
		HideSolutionNode = FALSE
	EndGlobalSection
	GlobalSection(ExtensibilityGlobals) = postSolution
		SolutionGuid = {0204C884-D8FA-4454-90BE-B45E2609ACC3}
	EndGlobalSection
EndGlobal
